
Microsoft Visual Studio Solution File, Format Version 12.00
# Visual Studio 15
VisualStudioVersion = 15.0.28307.102
MinimumVisualStudioVersion = 10.0.40219.1
Project("{FAE04EC0-301F-11D3-BF4B-00C04F79EFBC}") = "RuchSamochodowSI", "RuchSamochodowSI\RuchSamochodowSI.csproj", "{B99B11BF-2EFE-4553-8EF2-B62666DCFFDC}"
EndProject
Global
	GlobalSection(SolutionConfigurationPlatforms) = preSolution
		Debug|Any CPU = Debug|Any CPU
		Release|Any CPU = Release|Any CPU
	EndGlobalSection
	GlobalSection(ProjectConfigurationPlatforms) = postSolution
		{B99B11BF-2EFE-4553-8EF2-B62666DCFFDC}.Debug|Any CPU.ActiveCfg = Debug|Any CPU
		{B99B11BF-2EFE-4553-8EF2-B62666DCFFDC}.Debug|Any CPU.Build.0 = Debug|Any CPU
		{B99B11BF-2EFE-4553-8EF2-B62666DCFFDC}.Release|Any CPU.ActiveCfg = Release|Any CPU
		{B99B11BF-2EFE-4553-8EF2-B62666DCFFDC}.Release|Any CPU.Build.0 = Release|Any CPU
	EndGlobalSection
	GlobalSection(SolutionProperties) = preSolution
		HideSolutionNode = FALSE
	EndGlobalSection
	GlobalSection(ExtensibilityGlobals) = postSolution
		SolutionGuid = {E0E6EF34-A772-4EE7-9277-398573992532}
	EndGlobalSection
EndGlobal
